
Microsoft Visual Studio Solution File, Format Version 12.00
# Visual Studio 15
VisualStudioVersion = 15.0.27703.2026
MinimumVisualStudioVersion = 10.0.40219.1
Project("{9A19103F-16F7-4668-BE54-9A1E7A4F7556}") = "MazzaFC.API", "MazzaFC.API\MazzaFC.API.csproj", "{D40232FF-C66C-443A-9DA1-75AC3A2120B6}"
EndProject
Project("{2150E333-8FDC-42A3-9474-1A3956D46DE8}") = "0 - Apresentação", "0 - Apresentação", "{6CCD1D1E-78A6-4992-9C78-65E7384173AA}"
EndProject
Project("{2150E333-8FDC-42A3-9474-1A3956D46DE8}") = "1 - Serviços", "1 - Serviços", "{9617FFA7-B687-4EAA-A017-6A8A817C26A3}"
EndProject
Project("{2150E333-8FDC-42A3-9474-1A3956D46DE8}") = "2 - Console", "2 - Console", "{71F655C0-EF19-4198-9D56-6C858EDD7C7A}"
EndProject
Project("{2150E333-8FDC-42A3-9474-1A3956D46DE8}") = "3 - Aplicação", "3 - Aplicação", "{DA8E61B7-0309-4031-B802-4DD795C0A46C}"
EndProject
Project("{2150E333-8FDC-42A3-9474-1A3956D46DE8}") = "4 - Domínio", "4 - Domínio", "{30D41570-AA9D-493C-A6E2-925F2AA6FEEB}"
EndProject
Project("{2150E333-8FDC-42A3-9474-1A3956D46DE8}") = "5 - Infraestrutura", "5 - Infraestrutura", "{1DCF2193-CD4E-4654-AA51-768F068FAA74}"
EndProject
Project("{2150E333-8FDC-42A3-9474-1A3956D46DE8}") = "5.1 - Dados", "5.1 - Dados", "{F936CAA0-7DB4-4E96-80C8-F42F25DD5243}"
EndProject
Project("{2150E333-8FDC-42A3-9474-1A3956D46DE8}") = "5.2 - Utilidades", "5.2 - Utilidades", "{0611271E-F1A9-4411-A3D0-1BC3268E2556}"
EndProject
Project("{9A19103F-16F7-4668-BE54-9A1E7A4F7556}") = "MazzaFC.Aplicacao", "MazzaFC.Aplicacao\MazzaFC.Aplicacao.csproj", "{10A051B6-07B1-45DD-B7B4-9475D6107BDA}"
EndProject
Project("{9A19103F-16F7-4668-BE54-9A1E7A4F7556}") = "MazzaFC.Dominio", "MazzaFC.Dominio\MazzaFC.Dominio.csproj", "{5E645948-6169-49BB-8E10-2D762A3D5F54}"
EndProject
Project("{9A19103F-16F7-4668-BE54-9A1E7A4F7556}") = "MazzaFC.Infraestrutura.Dados", "MazzaFC.Dados\MazzaFC.Infraestrutura.Dados.csproj", "{BFA93D5D-1136-4945-A198-B28E3FD2C52B}"
EndProject
Project("{9A19103F-16F7-4668-BE54-9A1E7A4F7556}") = "MazzaFC.Infraestrutura.Util", "MazzaFC.Util\MazzaFC.Infraestrutura.Util.csproj", "{77B2302D-F725-4D8F-8B2B-F845E1288BAC}"
EndProject
Project("{9A19103F-16F7-4668-BE54-9A1E7A4F7556}") = "MazzaFC.DTO", "MazzaFC.DTO\MazzaFC.DTO.csproj", "{64C4982E-951F-4380-9B58-C3CADA264A7B}"
EndProject
Project("{FAE04EC0-301F-11D3-BF4B-00C04F79EFBC}") = "MazzaFC.APIContrato", "MazzaFC.ApiContrato\MazzaFC.APIContrato.csproj", "{161D1A3F-2025-474F-8C5B-60B351C06718}"
EndProject
Project("{FAE04EC0-301F-11D3-BF4B-00C04F79EFBC}") = "MazzaFC.Web", "MazzaFC.Web\MazzaFC.Web.csproj", "{6A607319-46B1-4409-97D5-9981837F8EEA}"
EndProject
Global
	GlobalSection(SolutionConfigurationPlatforms) = preSolution
		Debug|Any CPU = Debug|Any CPU
		Release|Any CPU = Release|Any CPU
	EndGlobalSection
	GlobalSection(ProjectConfigurationPlatforms) = postSolution
		{D40232FF-C66C-443A-9DA1-75AC3A2120B6}.Debug|Any CPU.ActiveCfg = Debug|Any CPU
		{D40232FF-C66C-443A-9DA1-75AC3A2120B6}.Debug|Any CPU.Build.0 = Debug|Any CPU
		{D40232FF-C66C-443A-9DA1-75AC3A2120B6}.Release|Any CPU.ActiveCfg = Release|Any CPU
		{D40232FF-C66C-443A-9DA1-75AC3A2120B6}.Release|Any CPU.Build.0 = Release|Any CPU
		{10A051B6-07B1-45DD-B7B4-9475D6107BDA}.Debug|Any CPU.ActiveCfg = Debug|Any CPU
		{10A051B6-07B1-45DD-B7B4-9475D6107BDA}.Debug|Any CPU.Build.0 = Debug|Any CPU
		{10A051B6-07B1-45DD-B7B4-9475D6107BDA}.Release|Any CPU.ActiveCfg = Release|Any CPU
		{10A051B6-07B1-45DD-B7B4-9475D6107BDA}.Release|Any CPU.Build.0 = Release|Any CPU
		{5E645948-6169-49BB-8E10-2D762A3D5F54}.Debug|Any CPU.ActiveCfg = Debug|Any CPU
		{5E645948-6169-49BB-8E10-2D762A3D5F54}.Debug|Any CPU.Build.0 = Debug|Any CPU
		{5E645948-6169-49BB-8E10-2D762A3D5F54}.Release|Any CPU.ActiveCfg = Release|Any CPU
		{5E645948-6169-49BB-8E10-2D762A3D5F54}.Release|Any CPU.Build.0 = Release|Any CPU
		{BFA93D5D-1136-4945-A198-B28E3FD2C52B}.Debug|Any CPU.ActiveCfg = Debug|Any CPU
		{BFA93D5D-1136-4945-A198-B28E3FD2C52B}.Debug|Any CPU.Build.0 = Debug|Any CPU
		{BFA93D5D-1136-4945-A198-B28E3FD2C52B}.Release|Any CPU.ActiveCfg = Release|Any CPU
		{BFA93D5D-1136-4945-A198-B28E3FD2C52B}.Release|Any CPU.Build.0 = Release|Any CPU
		{77B2302D-F725-4D8F-8B2B-F845E1288BAC}.Debug|Any CPU.ActiveCfg = Debug|Any CPU
		{77B2302D-F725-4D8F-8B2B-F845E1288BAC}.Debug|Any CPU.Build.0 = Debug|Any CPU
		{77B2302D-F725-4D8F-8B2B-F845E1288BAC}.Release|Any CPU.ActiveCfg = Release|Any CPU
		{77B2302D-F725-4D8F-8B2B-F845E1288BAC}.Release|Any CPU.Build.0 = Release|Any CPU
		{64C4982E-951F-4380-9B58-C3CADA264A7B}.Debug|Any CPU.ActiveCfg = Debug|Any CPU
		{64C4982E-951F-4380-9B58-C3CADA264A7B}.Debug|Any CPU.Build.0 = Debug|Any CPU
		{64C4982E-951F-4380-9B58-C3CADA264A7B}.Release|Any CPU.ActiveCfg = Release|Any CPU
		{64C4982E-951F-4380-9B58-C3CADA264A7B}.Release|Any CPU.Build.0 = Release|Any CPU
		{161D1A3F-2025-474F-8C5B-60B351C06718}.Debug|Any CPU.ActiveCfg = Debug|Any CPU
		{161D1A3F-2025-474F-8C5B-60B351C06718}.Debug|Any CPU.Build.0 = Debug|Any CPU
		{161D1A3F-2025-474F-8C5B-60B351C06718}.Release|Any CPU.ActiveCfg = Release|Any CPU
		{161D1A3F-2025-474F-8C5B-60B351C06718}.Release|Any CPU.Build.0 = Release|Any CPU
		{6A607319-46B1-4409-97D5-9981837F8EEA}.Debug|Any CPU.ActiveCfg = Debug|Any CPU
		{6A607319-46B1-4409-97D5-9981837F8EEA}.Debug|Any CPU.Build.0 = Debug|Any CPU
		{6A607319-46B1-4409-97D5-9981837F8EEA}.Release|Any CPU.ActiveCfg = Release|Any CPU
		{6A607319-46B1-4409-97D5-9981837F8EEA}.Release|Any CPU.Build.0 = Release|Any CPU
	EndGlobalSection
	GlobalSection(SolutionProperties) = preSolution
		HideSolutionNode = FALSE
	EndGlobalSection
	GlobalSection(NestedProjects) = preSolution
		{D40232FF-C66C-443A-9DA1-75AC3A2120B6} = {9617FFA7-B687-4EAA-A017-6A8A817C26A3}
		{F936CAA0-7DB4-4E96-80C8-F42F25DD5243} = {1DCF2193-CD4E-4654-AA51-768F068FAA74}
		{0611271E-F1A9-4411-A3D0-1BC3268E2556} = {1DCF2193-CD4E-4654-AA51-768F068FAA74}
		{10A051B6-07B1-45DD-B7B4-9475D6107BDA} = {DA8E61B7-0309-4031-B802-4DD795C0A46C}
		{5E645948-6169-49BB-8E10-2D762A3D5F54} = {30D41570-AA9D-493C-A6E2-925F2AA6FEEB}
		{BFA93D5D-1136-4945-A198-B28E3FD2C52B} = {F936CAA0-7DB4-4E96-80C8-F42F25DD5243}
		{77B2302D-F725-4D8F-8B2B-F845E1288BAC} = {0611271E-F1A9-4411-A3D0-1BC3268E2556}
		{64C4982E-951F-4380-9B58-C3CADA264A7B} = {30D41570-AA9D-493C-A6E2-925F2AA6FEEB}
		{161D1A3F-2025-474F-8C5B-60B351C06718} = {6CCD1D1E-78A6-4992-9C78-65E7384173AA}
		{6A607319-46B1-4409-97D5-9981837F8EEA} = {6CCD1D1E-78A6-4992-9C78-65E7384173AA}
	EndGlobalSection
	GlobalSection(ExtensibilityGlobals) = postSolution
		SolutionGuid = {AA218029-1CC8-46E0-A16D-A185B409604C}
	EndGlobalSection
EndGlobal
